
Microsoft Visual Studio Solution File, Format Version 12.00
# Visual Studio 15
VisualStudioVersion = 15.0.28307.1145
MinimumVisualStudioVersion = 10.0.40219.1
Project("{8BC9CEB8-8B4A-11D0-8D11-00A0C91BC942}") = "sus2entities", "sus2entities\sus2entities.vcxproj", "{4121ED59-F79F-442E-A0C7-BD6151B10A35}"
EndProject
Global
	GlobalSection(SolutionConfigurationPlatforms) = preSolution
		Debug|x64 = Debug|x64
		Debug|x86 = Debug|x86
		Release|x64 = Release|x64
		Release|x86 = Release|x86
	EndGlobalSection
	GlobalSection(ProjectConfigurationPlatforms) = postSolution
		{4121ED59-F79F-442E-A0C7-BD6151B10A35}.Debug|x64.ActiveCfg = Debug|x64
		{4121ED59-F79F-442E-A0C7-BD6151B10A35}.Debug|x64.Build.0 = Debug|x64
		{4121ED59-F79F-442E-A0C7-BD6151B10A35}.Debug|x86.ActiveCfg = Debug|Win32
		{4121ED59-F79F-442E-A0C7-BD6151B10A35}.Debug|x86.Build.0 = Debug|Win32
		{4121ED59-F79F-442E-A0C7-BD6151B10A35}.Release|x64.ActiveCfg = Release|x64
		{4121ED59-F79F-442E-A0C7-BD6151B10A35}.Release|x64.Build.0 = Release|x64
		{4121ED59-F79F-442E-A0C7-BD6151B10A35}.Release|x86.ActiveCfg = Release|Win32
		{4121ED59-F79F-442E-A0C7-BD6151B10A35}.Release|x86.Build.0 = Release|Win32
	EndGlobalSection
	GlobalSection(SolutionProperties) = preSolution
		HideSolutionNode = FALSE
	EndGlobalSection
	GlobalSection(ExtensibilityGlobals) = postSolution
		SolutionGuid = {95020046-8B7C-445C-B7CA-4DED86D0E791}
	EndGlobalSection
EndGlobal
